
Microsoft Visual Studio Solution File, Format Version 12.00
# Visual Studio Version 17
VisualStudioVersion = 17.8.34525.116
MinimumVisualStudioVersion = 10.0.40219.1
Project("{9A19103F-16F7-4668-BE54-9A1E7A4F7556}") = "DOTNET_Shopping", "DOTNET_Shopping.csproj", "{0ED38DE5-DA8A-4608-BA95-9FCC54C46B77}"
EndProject
Global
	GlobalSection(SolutionConfigurationPlatforms) = preSolution
		Debug|Any CPU = Debug|Any CPU
		Release|Any CPU = Release|Any CPU
	EndGlobalSection
	GlobalSection(ProjectConfigurationPlatforms) = postSolution
		{0ED38DE5-DA8A-4608-BA95-9FCC54C46B77}.Debug|Any CPU.ActiveCfg = Debug|Any CPU
		{0ED38DE5-DA8A-4608-BA95-9FCC54C46B77}.Debug|Any CPU.Build.0 = Debug|Any CPU
		{0ED38DE5-DA8A-4608-BA95-9FCC54C46B77}.Release|Any CPU.ActiveCfg = Release|Any CPU
		{0ED38DE5-DA8A-4608-BA95-9FCC54C46B77}.Release|Any CPU.Build.0 = Release|Any CPU
	EndGlobalSection
	GlobalSection(SolutionProperties) = preSolution
		HideSolutionNode = FALSE
	EndGlobalSection
	GlobalSection(ExtensibilityGlobals) = postSolution
		SolutionGuid = {D0241AF3-2A70-4C1C-B7B5-23EC53872FD0}
	EndGlobalSection
EndGlobal
